
Microsoft Visual Studio Solution File, Format Version 12.00
# Visual Studio Version 17
VisualStudioVersion = 17.10.35013.160
MinimumVisualStudioVersion = 10.0.40219.1
Project("{FAE04EC0-301F-11D3-BF4B-00C04F79EFBC}") = "Expense Tracker", "Expense Tracker\Expense Tracker.csproj", "{11E2FCE5-58E4-44C6-84C2-4B321EF49763}"
EndProject
Global
	GlobalSection(SolutionConfigurationPlatforms) = preSolution
		Debug|Any CPU = Debug|Any CPU
		Release|Any CPU = Release|Any CPU
	EndGlobalSection
	GlobalSection(ProjectConfigurationPlatforms) = postSolution
		{11E2FCE5-58E4-44C6-84C2-4B321EF49763}.Debug|Any CPU.ActiveCfg = Debug|Any CPU
		{11E2FCE5-58E4-44C6-84C2-4B321EF49763}.Debug|Any CPU.Build.0 = Debug|Any CPU
		{11E2FCE5-58E4-44C6-84C2-4B321EF49763}.Release|Any CPU.ActiveCfg = Release|Any CPU
		{11E2FCE5-58E4-44C6-84C2-4B321EF49763}.Release|Any CPU.Build.0 = Release|Any CPU
	EndGlobalSection
	GlobalSection(SolutionProperties) = preSolution
		HideSolutionNode = FALSE
	EndGlobalSection
	GlobalSection(ExtensibilityGlobals) = postSolution
		SolutionGuid = {D7640953-AF20-4FA3-8E91-8FE891560FED}
	EndGlobalSection
EndGlobal
